
Microsoft Visual Studio Solution File, Format Version 12.00
Project("{2150E333-8FDC-42A3-9474-1A3956D46DE8}") = "src", "src", "{A1315D74-D20A-4235-B159-EF601ABDD2D6}"
EndProject
Project("{2150E333-8FDC-42A3-9474-1A3956D46DE8}") = "tests", "tests", "{193D099C-8EB4-4A46-A52A-B684A1218AB1}"
EndProject
Project("{FAE04EC0-301F-11D3-BF4B-00C04F79EFBC}") = "CleanArchitectureSetup.Domain", "CleanArchitectureSetup.Domain\CleanArchitectureSetup.Domain.csproj", "{50DFE5BF-6753-4763-8900-7F3A96273646}"
EndProject
Project("{FAE04EC0-301F-11D3-BF4B-00C04F79EFBC}") = "CleanArchitectureSetup.Application", "CleanArchitectureSetup.Application\CleanArchitectureSetup.Application.csproj", "{0D446F36-5001-45B5-8AA0-1D0843E4F73C}"
EndProject
Project("{FAE04EC0-301F-11D3-BF4B-00C04F79EFBC}") = "CleanArchitectureSetup.Infrastructure", "CleanArchitectureSetup.Infrastructure\CleanArchitectureSetup.Infrastructure.csproj", "{283F25AE-C463-4D42-9311-E0DCE0D82466}"
EndProject
Project("{FAE04EC0-301F-11D3-BF4B-00C04F79EFBC}") = "CleanArchitectureSetup.Web", "CleanArchitectureSetup.Web\CleanArchitectureSetup.Web.csproj", "{98B96ACB-4F9A-4421-BEE6-A98F25572895}"
EndProject
Global
	GlobalSection(SolutionConfigurationPlatforms) = preSolution
		Debug|Any CPU = Debug|Any CPU
		Release|Any CPU = Release|Any CPU
	EndGlobalSection
	GlobalSection(ProjectConfigurationPlatforms) = postSolution
		{50DFE5BF-6753-4763-8900-7F3A96273646}.Debug|Any CPU.ActiveCfg = Debug|Any CPU
		{50DFE5BF-6753-4763-8900-7F3A96273646}.Debug|Any CPU.Build.0 = Debug|Any CPU
		{50DFE5BF-6753-4763-8900-7F3A96273646}.Release|Any CPU.ActiveCfg = Release|Any CPU
		{50DFE5BF-6753-4763-8900-7F3A96273646}.Release|Any CPU.Build.0 = Release|Any CPU
		{0D446F36-5001-45B5-8AA0-1D0843E4F73C}.Debug|Any CPU.ActiveCfg = Debug|Any CPU
		{0D446F36-5001-45B5-8AA0-1D0843E4F73C}.Debug|Any CPU.Build.0 = Debug|Any CPU
		{0D446F36-5001-45B5-8AA0-1D0843E4F73C}.Release|Any CPU.ActiveCfg = Release|Any CPU
		{0D446F36-5001-45B5-8AA0-1D0843E4F73C}.Release|Any CPU.Build.0 = Release|Any CPU
		{283F25AE-C463-4D42-9311-E0DCE0D82466}.Debug|Any CPU.ActiveCfg = Debug|Any CPU
		{283F25AE-C463-4D42-9311-E0DCE0D82466}.Debug|Any CPU.Build.0 = Debug|Any CPU
		{283F25AE-C463-4D42-9311-E0DCE0D82466}.Release|Any CPU.ActiveCfg = Release|Any CPU
		{283F25AE-C463-4D42-9311-E0DCE0D82466}.Release|Any CPU.Build.0 = Release|Any CPU
		{98B96ACB-4F9A-4421-BEE6-A98F25572895}.Debug|Any CPU.ActiveCfg = Debug|Any CPU
		{98B96ACB-4F9A-4421-BEE6-A98F25572895}.Debug|Any CPU.Build.0 = Debug|Any CPU
		{98B96ACB-4F9A-4421-BEE6-A98F25572895}.Release|Any CPU.ActiveCfg = Release|Any CPU
		{98B96ACB-4F9A-4421-BEE6-A98F25572895}.Release|Any CPU.Build.0 = Release|Any CPU
	EndGlobalSection
	GlobalSection(NestedProjects) = preSolution
		{50DFE5BF-6753-4763-8900-7F3A96273646} = {A1315D74-D20A-4235-B159-EF601ABDD2D6}
		{0D446F36-5001-45B5-8AA0-1D0843E4F73C} = {A1315D74-D20A-4235-B159-EF601ABDD2D6}
		{283F25AE-C463-4D42-9311-E0DCE0D82466} = {A1315D74-D20A-4235-B159-EF601ABDD2D6}
		{98B96ACB-4F9A-4421-BEE6-A98F25572895} = {A1315D74-D20A-4235-B159-EF601ABDD2D6}
	EndGlobalSection
EndGlobal
